# This file was autogenerated by uv via the following command:
#    uv pip compile requirements-structure.txt --generate-hashes --python-version 3.12 --constraint requirements.lock -o requirements-structure.lock
gemmi==0.7.3 \
    --hash=sha256:0a60139ea88886fd157cd01e012cb091925996d5ee0a3b35d00bf0b78615e12f \
    --hash=sha256:0de16b95b4385ad166050180c3c57f1b440276ff254f14ae15ef457dc79e9d52 \
    --hash=sha256:138fe98af1344048559572266271cf190eff74de7a62ba500c522c2f1c86db6b \
    --hash=sha256:32069b111216aad58a9724640fb23a31309c15a1aaf16164b4c9addc3677fadb \
    --hash=sha256:42dbfe4c49ef14a559fbdad1e2eeea0f6a4c7313cfb0fccff5d61107593e5003 \
    --hash=sha256:468de0c14c3dca709a83b8b15e4dcefefb0e6d07f9b5350678daa3a6ac7bef1c \
    --hash=sha256:500b7d9ff82394fb1d9bd21d0561b4cc0e4a9bf3a1430699714fc2eb6dd30941 \
    --hash=sha256:54850c1520a7fd7a4d7c8b1bfe173fa320b4c26803443a5b3860c20e2cd84116 \
    --hash=sha256:5a3b3bd9213577726ea2c2280150d05ee2c055d7f970ae2af9a5c0b7e0ec142c \
    --hash=sha256:5a8b4bedae94b8f69a6c1094f8f9ed2dece03bf3a9625467ebe1235c4b7efff3 \
    --hash=sha256:5ea52ad093cb3058d3ece1351a6fd3748879b1b00bdbd74316abc6829bfe85de \
    --hash=sha256:70a5c54ec7afe72892c9602582f5d3b3d0de443fed99d32aebc72c8903e361fe \
    --hash=sha256:74ae3e6210b8ffcf3fee6ef92b92bd2a27e13a7fe963e71974df823154f8bdd7 \
    --hash=sha256:79d45e24b660114f85bb35e1bb7792caee18807e64f8b1e336e14925786d5dcd \
    --hash=sha256:7a14f1ec141f3f866981633b6e19a2bf8ceea1a386a0ebe9e4bc1cd5a8962bfc \
    --hash=sha256:7e462792336c7d93d4e2bdb52b49f115f812f856d1467aa5824ddb4bb03885c8 \
    --hash=sha256:84f1ec474c42c8ce5fc373a9efb1a875683c3c879b6bc68d180d9bb24b5fa2bf \
    --hash=sha256:8d1a3e18fb7ac33df4325a0e846cad7c613ec90df0499f579d6aba1ccc15796a \
    --hash=sha256:9c9c81629ab847851dfc163b41725acd77955213aca6c976c4bcc830547b4547 \
    --hash=sha256:a1ed5359f94bf60c296d97cfd65fb2528283d237d63d92e36bcc8bdc7fd1f9e6 \
    --hash=sha256:b3053234360241c9e04a689be8d053b878463659da5fa068903437f15758f347 \
    --hash=sha256:b3abfa039583de0afdc18e513e2a9e5590193d5ecfff41a5d88a46c061e903d1 \
    --hash=sha256:b42dbc353135f309da678e3f098b9cc9d8ac4d42170cc965324d1e76d120c92c \
    --hash=sha256:b7c6f3450e36bb08b63c8e514e79f08ca1eb7c0d6963440d25b426d34749dfed \
    --hash=sha256:be1d445cbaa4fd270ae50fc97d03c89e65a69d607d7f8f8a38bb54c0eddc79f0 \
    --hash=sha256:c0d39acb44c552449a07f1056c7fd370e3781e2b9b0bf55b065df2079935d6ec \
    --hash=sha256:c5bb65c0fe776ea4c7d48c252e14cd7facaecf6e76afffd1b158b31987b4f4f4 \
    --hash=sha256:d3fedb29619d9e10e7331bc6448de7278ec0fe760f632fdb9aa8931e7cdee936 \
    --hash=sha256:d58859b1e32ea996bc52f935c0ed9d55df757db7bb0307123024b9b4550168c5 \
    --hash=sha256:d752f6dcfb82946ad592f2d02edae47092a61e5f9379626ebadad9fc26aa1f3f \
    --hash=sha256:dc928bd4567effd55399714b7f99922d84d128b2f061ad499a81dd5b800c8742 \
    --hash=sha256:eea18786dd2ed3ae8457434bf038ff14b43149766a40a7c8ba77db4ad98b3428 \
    --hash=sha256:f11e635f94486947be2cc92826d661db9af09a30bf65b62a0d12b747ea15d573 \
    --hash=sha256:f396c3ff01ae970c6e1b927ab1222ab7e5cc98440d6bad69a30100c050446001 \
    --hash=sha256:f4e721101db02e4a23f242d1f13767183d004ab31d4444c62445e6429d8a3fe8 \
    --hash=sha256:f9db3006970d209861dc6b6723b3e15595454ab56bb92997a15516cd3a648bb9 \
    --hash=sha256:ffcd45974f4f0f1eea212679697e01f5048842754af6daeb06128bf5df2929ce
    # via -r requirements-structure.txt
